
Microsoft Visual Studio Solution File, Format Version 12.00
# Visual Studio Version 16
VisualStudioVersion = 16.0.30320.27
MinimumVisualStudioVersion = 10.0.40219.1
Project("{FAE04EC0-301F-11D3-BF4B-00C04F79EFBC}") = "GuiApp02", "GuiApp02.csproj", "{39A967A5-D1AF-415C-BAF7-64940F0E1D00}"
EndProject
Global
	GlobalSection(SolutionConfigurationPlatforms) = preSolution
		Debug|Any CPU = Debug|Any CPU
		Release|Any CPU = Release|Any CPU
	EndGlobalSection
	GlobalSection(ProjectConfigurationPlatforms) = postSolution
		{39A967A5-D1AF-415C-BAF7-64940F0E1D00}.Debug|Any CPU.ActiveCfg = Debug|Any CPU
		{39A967A5-D1AF-415C-BAF7-64940F0E1D00}.Debug|Any CPU.Build.0 = Debug|Any CPU
		{39A967A5-D1AF-415C-BAF7-64940F0E1D00}.Release|Any CPU.ActiveCfg = Release|Any CPU
		{39A967A5-D1AF-415C-BAF7-64940F0E1D00}.Release|Any CPU.Build.0 = Release|Any CPU
	EndGlobalSection
	GlobalSection(SolutionProperties) = preSolution
		HideSolutionNode = FALSE
	EndGlobalSection
	GlobalSection(ExtensibilityGlobals) = postSolution
		SolutionGuid = {DC46981A-A2C9-4EBD-BDC4-C05867BEFC92}
	EndGlobalSection
EndGlobal
